
Microsoft Visual Studio Solution File, Format Version 12.00
# Visual Studio Version 17
VisualStudioVersion = 17.4.33110.190
MinimumVisualStudioVersion = 10.0.40219.1
Project("{FAE04EC0-301F-11D3-BF4B-00C04F79EFBC}") = "DocumentSystem", "DocumentSystem\DocumentSystem.csproj", "{0FB14B58-1359-4F4E-BFAB-8D0C90B22991}"
EndProject
Global
	GlobalSection(SolutionConfigurationPlatforms) = preSolution
		Debug|Any CPU = Debug|Any CPU
		Release|Any CPU = Release|Any CPU
	EndGlobalSection
	GlobalSection(ProjectConfigurationPlatforms) = postSolution
		{0FB14B58-1359-4F4E-BFAB-8D0C90B22991}.Debug|Any CPU.ActiveCfg = Debug|Any CPU
		{0FB14B58-1359-4F4E-BFAB-8D0C90B22991}.Debug|Any CPU.Build.0 = Debug|Any CPU
		{0FB14B58-1359-4F4E-BFAB-8D0C90B22991}.Release|Any CPU.ActiveCfg = Release|Any CPU
		{0FB14B58-1359-4F4E-BFAB-8D0C90B22991}.Release|Any CPU.Build.0 = Release|Any CPU
	EndGlobalSection
	GlobalSection(SolutionProperties) = preSolution
		HideSolutionNode = FALSE
	EndGlobalSection
	GlobalSection(ExtensibilityGlobals) = postSolution
		SolutionGuid = {CD99A8E8-5ECE-45DC-BC6A-08C199B1D216}
	EndGlobalSection
EndGlobal
